Microsoft Visual Studio Solution File, Format Version 12.00
# Visual Studio 15
Project("{8BC9CEB8-8B4A-11D0-8D11-00A0C91BC942}") = "ALL_BUILD", "ALL_BUILD.vcxproj", "{E44EE3F9-A32C-3E93-B540-86148BFEF288}"
	ProjectSection(ProjectDependencies) = postProject
		{ACEBAF96-5584-3604-AC8C-8DE487EB79AA} = {ACEBAF96-5584-3604-AC8C-8DE487EB79AA}
		{13856156-2763-3535-A693-1B29FA238BD8} = {13856156-2763-3535-A693-1B29FA238BD8}
	EndProjectSection
EndProject
Project("{8BC9CEB8-8B4A-11D0-8D11-00A0C91BC942}") = "HelloOpenGL", "HelloOpenGL.vcxproj", "{ACEBAF96-5584-3604-AC8C-8DE487EB79AA}"
	ProjectSection(ProjectDependencies) = postProject
		{13856156-2763-3535-A693-1B29FA238BD8} = {13856156-2763-3535-A693-1B29FA238BD8}
	EndProjectSection
EndProject
Project("{8BC9CEB8-8B4A-11D0-8D11-00A0C91BC942}") = "ZERO_CHECK", "ZERO_CHECK.vcxproj", "{13856156-2763-3535-A693-1B29FA238BD8}"
	ProjectSection(ProjectDependencies) = postProject
	EndProjectSection
EndProject
Global
	GlobalSection(SolutionConfigurationPlatforms) = preSolution
		Debug|x64 = Debug|x64
		Release|x64 = Release|x64
		MinSizeRel|x64 = MinSizeRel|x64
		RelWithDebInfo|x64 = RelWithDebInfo|x64
	EndGlobalSection
	GlobalSection(ProjectConfigurationPlatforms) = postSolution
		{E44EE3F9-A32C-3E93-B540-86148BFEF288}.Debug|x64.ActiveCfg = Debug|x64
		{E44EE3F9-A32C-3E93-B540-86148BFEF288}.Release|x64.ActiveCfg = Release|x64
		{E44EE3F9-A32C-3E93-B540-86148BFEF288}.MinSizeRel|x64.ActiveCfg = MinSizeRel|x64
		{E44EE3F9-A32C-3E93-B540-86148BFEF288}.RelWithDebInfo|x64.ActiveCfg = RelWithDebInfo|x64
		{ACEBAF96-5584-3604-AC8C-8DE487EB79AA}.Debug|x64.ActiveCfg = Debug|x64
		{ACEBAF96-5584-3604-AC8C-8DE487EB79AA}.Debug|x64.Build.0 = Debug|x64
		{ACEBAF96-5584-3604-AC8C-8DE487EB79AA}.Release|x64.ActiveCfg = Release|x64
		{ACEBAF96-5584-3604-AC8C-8DE487EB79AA}.Release|x64.Build.0 = Release|x64
		{ACEBAF96-5584-3604-AC8C-8DE487EB79AA}.MinSizeRel|x64.ActiveCfg = MinSizeRel|x64
		{ACEBAF96-5584-3604-AC8C-8DE487EB79AA}.MinSizeRel|x64.Build.0 = MinSizeRel|x64
		{ACEBAF96-5584-3604-AC8C-8DE487EB79AA}.RelWithDebInfo|x64.ActiveCfg = RelWithDebInfo|x64
		{ACEBAF96-5584-3604-AC8C-8DE487EB79AA}.RelWithDebInfo|x64.Build.0 = RelWithDebInfo|x64
		{13856156-2763-3535-A693-1B29FA238BD8}.Debug|x64.ActiveCfg = Debug|x64
		{13856156-2763-3535-A693-1B29FA238BD8}.Debug|x64.Build.0 = Debug|x64
		{13856156-2763-3535-A693-1B29FA238BD8}.Release|x64.ActiveCfg = Release|x64
		{13856156-2763-3535-A693-1B29FA238BD8}.Release|x64.Build.0 = Release|x64
		{13856156-2763-3535-A693-1B29FA238BD8}.MinSizeRel|x64.ActiveCfg = MinSizeRel|x64
		{13856156-2763-3535-A693-1B29FA238BD8}.MinSizeRel|x64.Build.0 = MinSizeRel|x64
		{13856156-2763-3535-A693-1B29FA238BD8}.RelWithDebInfo|x64.ActiveCfg = RelWithDebInfo|x64
		{13856156-2763-3535-A693-1B29FA238BD8}.RelWithDebInfo|x64.Build.0 = RelWithDebInfo|x64
	EndGlobalSection
	GlobalSection(ExtensibilityGlobals) = postSolution
		SolutionGuid = {96FA77BE-ADF0-3540-93AF-7636E296279E}
	EndGlobalSection
	GlobalSection(ExtensibilityAddIns) = postSolution
	EndGlobalSection
EndGlobal
